
Microsoft Visual Studio Solution File, Format Version 12.00
# Visual Studio Version 16
VisualStudioVersion = 16.0.29519.87
MinimumVisualStudioVersion = 10.0.40219.1
Project("{FAE04EC0-301F-11D3-BF4B-00C04F79EFBC}") = "Game Shortcut Manager", ".\GameShortcutManager\Game Shortcut Manager.csproj", "{A51FF364-6B01-4AFF-8712-B7D9486FA21D}"
EndProject
Project("{FAE04EC0-301F-11D3-BF4B-00C04F79EFBC}") = "Launcher", ".\Launcher\Launcher.csproj", "{F4580F48-BB4B-48E4-9D1D-D899FFAF0CC1}"
EndProject
Global
	GlobalSection(SolutionConfigurationPlatforms) = preSolution
		Debug|Any CPU = Debug|Any CPU
		Release|Any CPU = Release|Any CPU
	EndGlobalSection
	GlobalSection(ProjectConfigurationPlatforms) = postSolution
		{A51FF364-6B01-4AFF-8712-B7D9486FA21D}.Debug|Any CPU.ActiveCfg = Debug|Any CPU
		{A51FF364-6B01-4AFF-8712-B7D9486FA21D}.Debug|Any CPU.Build.0 = Debug|Any CPU
		{A51FF364-6B01-4AFF-8712-B7D9486FA21D}.Release|Any CPU.ActiveCfg = Release|Any CPU
		{A51FF364-6B01-4AFF-8712-B7D9486FA21D}.Release|Any CPU.Build.0 = Release|Any CPU
		{F4580F48-BB4B-48E4-9D1D-D899FFAF0CC1}.Debug|Any CPU.ActiveCfg = Debug|Any CPU
		{F4580F48-BB4B-48E4-9D1D-D899FFAF0CC1}.Debug|Any CPU.Build.0 = Debug|Any CPU
		{F4580F48-BB4B-48E4-9D1D-D899FFAF0CC1}.Release|Any CPU.ActiveCfg = Release|Any CPU
		{F4580F48-BB4B-48E4-9D1D-D899FFAF0CC1}.Release|Any CPU.Build.0 = Release|Any CPU
	EndGlobalSection
	GlobalSection(SolutionProperties) = preSolution
		HideSolutionNode = FALSE
	EndGlobalSection
	GlobalSection(ExtensibilityGlobals) = postSolution
		SolutionGuid = {BE66A1A6-47B8-4A76-9BB1-06FA5FE87F0E}
	EndGlobalSection
EndGlobal
